{
    "_readme": [
        "This file locks the dependencies of your project to a known state",
        "Read more about it at https://getcomposer.org/doc/01-basic-usage.md#composer-lock-the-lock-file",
        "This file is @generated automatically"
    ],
    "content-hash": "2cbc2debaed9e1f8ba0fcd5112960c50",
    "packages": [
        {
            "name": "baru/correios",
            "version": "1.0.0",
            "source": {
                "type": "git",
                "url": "https://github.com/asaferamos/correios-rastreio-api-parser.git",
                "reference": "98b124113237b6e9701c79db81ad4c52d6d4cb24"
            },
            "dist": {
                "type": "zip",
                "url": "https://api.github.com/repos/asaferamos/correios-rastreio-api-parser/zipball/98b124113237b6e9701c79db81ad4c52d6d4cb24",
                "reference": "98b124113237b6e9701c79db81ad4c52d6d4cb24",
                "shasum": ""
            },
            "require": {
                "php": ">=5.4"
            },
            "require-dev": {
                "phpunit/phpunit": "5.2.*"
            },
            "type": "project",
            "autoload": {
                "psr-4": {
                    "Baru\\Correios\\": "src/"
                }
            },
            "notification-url": "https://packagist.org/downloads/",
            "license": [
                "Apache-2.0"
            ],
            "authors": [
                {
                    "name": "Asafe Ramos",
                    "email": "asafe@asaferamos.com"
                }
            ],
            "description": "Biblioteca que gera uma API a partir de parsing da página de rastreio dos Correios.",
            "keywords": [
                "correios",
                "correios api",
                "rastrerio correios"
            ],
            "time": "2018-05-26T01:25:03+00:00"
        }
    ],
    "packages-dev": [],
    "aliases": [],
    "minimum-stability": "stable",
    "stability-flags": [],
    "prefer-stable": false,
    "prefer-lowest": false,
    "platform": [],
    "platform-dev": []
}
